// !$*UTF8*$!
{
	archiveVersion = 1;
	classes = {
	};
	objectVersion = 50;
	objects = {

/* Begin PBXBuildFile section */
		3F4B8972207FAC9600D6C2C8 /* AppDelegate.swift in Sources */ = {isa = PBXBuildFile; fileRef = 3F4B8971207FAC9600D6C2C8 /* AppDelegate.swift */; };
		3F4B8974207FAC9600D6C2C8 /* ViewController.swift in Sources */ = {isa = PBXBuildFile; fileRef = 3F4B8973207FAC9600D6C2C8 /* ViewController.swift */; };
		3F4B8977207FAC9600D6C2C8 /* Main.storyboard in Resources */ = {isa = PBXBuildFile; fileRef = 3F4B8975207FAC9600D6C2C8 /* Main.storyboard */; };
		3F4B8979207FAC9700D6C2C8 /* Assets.xcassets in Resources */ = {isa = PBXBuildFile; fileRef = 3F4B8978207FAC9700D6C2C8 /* Assets.xcassets */; };
		3F4B897C207FAC9700D6C2C8 /* LaunchScreen.storyboard in Resources */ = {isa = PBXBuildFile; fileRef = 3F4B897A207FAC9700D6C2C8 /* LaunchScreen.storyboard */; };
		99FBE8468892D1D9C599520C /* Pods_TestAsyncDataPicker.framework in Frameworks */ = {isa = PBXBuildFile; fileRef = 80EBC31AD082BF306E868B7B /* Pods_TestAsyncDataPicker.framework */; };
/* End PBXBuildFile section */

/* Begin PBXFileReference section */
		096D44369E707F3BBE241A13 /* Pods-TestAsyncDataPicker.debug.xcconfig */ = {isa = PBXFileReference; includeInIndex = 1; lastKnownFileType = text.xcconfig; name = "Pods-TestAsyncDataPicker.debug.xcconfig"; path = "Pods/Target Support Files/Pods-TestAsyncDataPicker/Pods-TestAsyncDataPicker.debug.xcconfig"; sourceTree = "<group>"; };
		3F4B896E207FAC9600D6C2C8 /* TestAsyncDataPicker.app */ = {isa = PBXFileReference; explicitFileType = wrapper.application; includeInIndex = 0; path = TestAsyncDataPicker.app; sourceTree = BUILT_PRODUCTS_DIR; };
		3F4B8971207FAC9600D6C2C8 /* AppDelegate.swift */ = {isa = PBXFileReference; lastKnownFileType = sourcecode.swift; path = AppDelegate.swift; sourceTree = "<group>"; };
		3F4B8973207FAC9600D6C2C8 /* ViewController.swift */ = {isa = PBXFileReference; lastKnownFileType = sourcecode.swift; path = ViewController.swift; sourceTree = "<group>"; };
		3F4B8976207FAC9600D6C2C8 /* Base */ = {isa = PBXFileReference; lastKnownFileType = file.storyboard; name = Base; path = Base.lproj/Main.storyboard; sourceTree = "<group>"; };
		3F4B8978207FAC9700D6C2C8 /* Assets.xcassets */ = {isa = PBXFileReference; lastKnownFileType = folder.assetcatalog; path = Assets.xcassets; sourceTree = "<group>"; };
		3F4B897B207FAC9700D6C2C8 /* Base */ = {isa = PBXFileReference; lastKnownFileType = file.storyboard; name = Base; path = Base.lproj/LaunchScreen.storyboard; sourceTree = "<group>"; };
		3F4B897D207FAC9700D6C2C8 /* Info.plist */ = {isa = PBXFileReference; lastKnownFileType = text.plist.xml; path = Info.plist; sourceTree = "<group>"; };
		80EBC31AD082BF306E868B7B /* Pods_TestAsyncDataPicker.framework */ = {isa = PBXFileReference; explicitFileType = wrapper.framework; includeInIndex = 0; path = Pods_TestAsyncDataPicker.framework; sourceTree = BUILT_PRODUCTS_DIR; };
		84C1E9CFBE2028CB400BB8B7 /* Pods-TestAsyncDataPicker.release.xcconfig */ = {isa = PBXFileReference; includeInIndex = 1; lastKnownFileType = text.xcconfig; name = "Pods-TestAsyncDataPicker.release.xcconfig"; path = "Pods/Target Support Files/Pods-TestAsyncDataPicker/Pods-TestAsyncDataPicker.release.xcconfig"; sourceTree = "<group>"; };
/* End PBXFileReference section */

/* Begin PBXFrameworksBuildPhase section */
		3F4B896B207FAC9600D6C2C8 /* Frameworks */ = {
			isa = PBXFrameworksBuildPhase;
			buildActionMask = 2147483647;
			files = (
				99FBE8468892D1D9C599520C /* Pods_TestAsyncDataPicker.framework in Frameworks */,
			);
			runOnlyForDeploymentPostprocessing = 0;
		};
/* End PBXFrameworksBuildPhase section */

/* Begin PBXGroup section */
		3F4B8965207FAC9600D6C2C8 = {
			isa = PBXGroup;
			children = (
				3F4B8970207FAC9600D6C2C8 /* TestAsyncDataPicker */,
				3F4B896F207FAC9600D6C2C8 /* Products */,
				67BD1D27B6ED78C87AAB9481 /* Pods */,
				F4A60F61967747F066351ADB /* Frameworks */,
			);
			sourceTree = "<group>";
		};
		3F4B896F207FAC9600D6C2C8 /* Products */ = {
			isa = PBXGroup;
			children = (
				3F4B896E207FAC9600D6C2C8 /* TestAsyncDataPicker.app */,
			);
			name = Products;
			sourceTree = "<group>";
		};
		3F4B8970207FAC9600D6C2C8 /* TestAsyncDataPicker */ = {
			isa = PBXGroup;
			children = (
				3F4B8971207FAC9600D6C2C8 /* AppDelegate.swift */,
				3F4B8973207FAC9600D6C2C8 /* ViewController.swift */,
				3F4B8975207FAC9600D6C2C8 /* Main.storyboard */,
				3F4B8978207FAC9700D6C2C8 /* Assets.xcassets */,
				3F4B897A207FAC9700D6C2C8 /* LaunchScreen.storyboard */,
				3F4B897D207FAC9700D6C2C8 /* Info.plist */,
			);
			path = TestAsyncDataPicker;
			sourceTree = "<group>";
		};
		67BD1D27B6ED78C87AAB9481 /* Pods */ = {
			isa = PBXGroup;
			children = (
				096D44369E707F3BBE241A13 /* Pods-TestAsyncDataPicker.debug.xcconfig */,
				84C1E9CFBE2028CB400BB8B7 /* Pods-TestAsyncDataPicker.release.xcconfig */,
			);
			name = Pods;
			sourceTree = "<group>";
		};
		F4A60F61967747F066351ADB /* Frameworks */ = {
			isa = PBXGroup;
			children = (
				80EBC31AD082BF306E868B7B /* Pods_TestAsyncDataPicker.framework */,
			);
			name = Frameworks;
			sourceTree = "<group>";
		};
/* End PBXGroup section */

/* Begin PBXNativeTarget section */
		3F4B896D207FAC9600D6C2C8 /* TestAsyncDataPicker */ = {
			isa = PBXNativeTarget;
			buildConfigurationList = 3F4B8980207FAC9700D6C2C8 /* Build configuration list for PBXNativeTarget "TestAsyncDataPicker" */;
			buildPhases = (
				8F034978E94F7F311C053B4E /* [CP] Check Pods Manifest.lock */,
				3F4B896A207FAC9600D6C2C8 /* Sources */,
				3F4B896B207FAC9600D6C2C8 /* Frameworks */,
				3F4B896C207FAC9600D6C2C8 /* Resources */,
				123D9BF531DB70BE6C1385FD /* [CP] Embed Pods Frameworks */,
			);
			buildRules = (
			);
			dependencies = (
			);
			name = TestAsyncDataPicker;
			productName = TestAsyncDataPicker;
			productReference = 3F4B896E207FAC9600D6C2C8 /* TestAsyncDataPicker.app */;
			productType = "com.apple.product-type.application";
		};
/* End PBXNativeTarget section */

/* Begin PBXProject section */
		3F4B8966207FAC9600D6C2C8 /* Project object */ = {
			isa = PBXProject;
			attributes = {
				LastSwiftUpdateCheck = 0930;
				LastUpgradeCheck = 0930;
				ORGANIZATIONNAME = "Mianji GU";
				TargetAttributes = {
					3F4B896D207FAC9600D6C2C8 = {
						CreatedOnToolsVersion = 9.3;
					};
				};
			};
			buildConfigurationList = 3F4B8969207FAC9600D6C2C8 /* Build configuration list for PBXProject "TestAsyncDataPicker" */;
			compatibilityVersion = "Xcode 9.3";
			developmentRegion = en;
			hasScannedForEncodings = 0;
			knownRegions = (
				en,
				Base,
			);
			mainGroup = 3F4B8965207FAC9600D6C2C8;
			productRefGroup = 3F4B896F207FAC9600D6C2C8 /* Products */;
			projectDirPath = "";
			projectRoot = "";
			targets = (
				3F4B896D207FAC9600D6C2C8 /* TestAsyncDataPicker */,
			);
		};
/* End PBXProject section */

/* Begin PBXResourcesBuildPhase section */
		3F4B896C207FAC9600D6C2C8 /* Resources */ = {
			isa = PBXResourcesBuildPhase;
			buildActionMask = 2147483647;
			files = (
				3F4B897C207FAC9700D6C2C8 /* LaunchScreen.storyboard in Resources */,
				3F4B8979207FAC9700D6C2C8 /* Assets.xcassets in Resources */,
				3F4B8977207FAC9600D6C2C8 /* Main.storyboard in Resources */,
			);
			runOnlyForDeploymentPostprocessing = 0;
		};
/* End PBXResourcesBuildPhase section */

/* Begin PBXShellScriptBuildPhase section */
		123D9BF531DB70BE6C1385FD /* [CP] Embed Pods Frameworks */ = {
			isa = PBXShellScriptBuildPhase;
			buildActionMask = 2147483647;
			files = (
			);
			inputPaths = (
				"${SRCROOT}/Pods/Target Support Files/Pods-TestAsyncDataPicker/Pods-TestAsyncDataPicker-frameworks.sh",
				"${BUILT_PRODUCTS_DIR}/AsyncDataPicker/AsyncDataPicker.framework",
			);
			name = "[CP] Embed Pods Frameworks";
			outputPaths = (
				"${TARGET_BUILD_DIR}/${FRAMEWORKS_FOLDER_PATH}/AsyncDataPicker.framework",
			);
			runOnlyForDeploymentPostprocessing = 0;
			shellPath = /bin/sh;
			shellScript = "\"${SRCROOT}/Pods/Target Support Files/Pods-TestAsyncDataPicker/Pods-TestAsyncDataPicker-frameworks.sh\"\n";
			showEnvVarsInLog = 0;
		};
		8F034978E94F7F311C053B4E /* [CP] Check Pods Manifest.lock */ = {
			isa = PBXShellScriptBuildPhase;
			buildActionMask = 2147483647;
			files = (
			);
			inputPaths = (
				"${PODS_PODFILE_DIR_PATH}/Podfile.lock",
				"${PODS_ROOT}/Manifest.lock",
			);
			name = "[CP] Check Pods Manifest.lock";
			outputPaths = (
				"$(DERIVED_FILE_DIR)/Pods-TestAsyncDataPicker-checkManifestLockResult.txt",
			);
			runOnlyForDeploymentPostprocessing = 0;
			shellPath = /bin/sh;
			shellScript = "diff \"${PODS_PODFILE_DIR_PATH}/Podfile.lock\" \"${PODS_ROOT}/Manifest.lock\" > /dev/null\nif [ $? != 0 ] ; then\n    # print error to STDERR\n    echo \"error: The sandbox is not in sync with the Podfile.lock. Run 'pod install' or update your CocoaPods installation.\" >&2\n    exit 1\nfi\n# This output is used by Xcode 'outputs' to avoid re-running this script phase.\necho \"SUCCESS\" > \"${SCRIPT_OUTPUT_FILE_0}\"\n";
			showEnvVarsInLog = 0;
		};
/* End PBXShellScriptBuildPhase section */

/* Begin PBXSourcesBuildPhase section */
		3F4B896A207FAC9600D6C2C8 /* Sources */ = {
			isa = PBXSourcesBuildPhase;
			buildActionMask = 2147483647;
			files = (
				3F4B8974207FAC9600D6C2C8 /* ViewController.swift in Sources */,
				3F4B8972207FAC9600D6C2C8 /* AppDelegate.swift in Sources */,
			);
			runOnlyForDeploymentPostprocessing = 0;
		};
/* End PBXSourcesBuildPhase section */

/* Begin PBXVariantGroup section */
		3F4B8975207FAC9600D6C2C8 /* Main.storyboard */ = {
			isa = PBXVariantGroup;
			children = (
				3F4B8976207FAC9600D6C2C8 /* Base */,
			);
			name = Main.storyboard;
			sourceTree = "<group>";
		};
		3F4B897A207FAC9700D6C2C8 /* LaunchScreen.storyboard */ = {
			isa = PBXVariantGroup;
			children = (
				3F4B897B207FAC9700D6C2C8 /* Base */,
			);
			name = LaunchScreen.storyboard;
			sourceTree = "<group>";
		};
/* End PBXVariantGroup section */

/* Begin XCBuildConfiguration section */
		3F4B897E207FAC9700D6C2C8 /* Debug */ = {
			isa = XCBuildConfiguration;
			buildSettings = {
				ALWAYS_SEARCH_USER_PATHS = NO;
				CLANG_ANALYZER_NONNULL = YES;
				CLANG_ANALYZER_NUMBER_OBJECT_CONVERSION = YES_AGGRESSIVE;
				CLANG_CXX_LANGUAGE_STANDARD = "gnu++14";
				CLANG_CXX_LIBRARY = "libc++";
				CLANG_ENABLE_MODULES = YES;
				CLANG_ENABLE_OBJC_ARC = YES;
				CLANG_ENABLE_OBJC_WEAK = YES;
				CLANG_WARN_BLOCK_CAPTURE_AUTORELEASING = YES;
				CLANG_WARN_BOOL_CONVERSION = YES;
				CLANG_WARN_COMMA = YES;
				CLANG_WARN_CONSTANT_CONVERSION = YES;
				CLANG_WARN_DEPRECATED_OBJC_IMPLEMENTATIONS = YES;
				CLANG_WARN_DIRECT_OBJC_ISA_USAGE = YES_ERROR;
				CLANG_WARN_DOCUMENTATION_COMMENTS = YES;
				CLANG_WARN_EMPTY_BODY = YES;
				CLANG_WARN_ENUM_CONVERSION = YES;
				CLANG_WARN_INFINITE_RECURSION = YES;
				CLANG_WARN_INT_CONVERSION = YES;
				CLANG_WARN_NON_LITERAL_NULL_CONVERSION = YES;
				CLANG_WARN_OBJC_IMPLICIT_RETAIN_SELF = YES;
				CLANG_WARN_OBJC_LITERAL_CONVERSION = YES;
				CLANG_WARN_OBJC_ROOT_CLASS = YES_ERROR;
				CLANG_WARN_RANGE_LOOP_ANALYSIS = YES;
				CLANG_WARN_STRICT_PROTOTYPES = YES;
				CLANG_WARN_SUSPICIOUS_MOVE = YES;
				CLANG_WARN_UNGUARDED_AVAILABILITY = YES_AGGRESSIVE;
				CLANG_WARN_UNREACHABLE_CODE = YES;
				CLANG_WARN__DUPLICATE_METHOD_MATCH = YES;
				CODE_SIGN_IDENTITY = "iPhone Developer";
				COPY_PHASE_STRIP = NO;
				DEBUG_INFORMATION_FORMAT = dwarf;
				ENABLE_STRICT_OBJC_MSGSEND = YES;
				ENABLE_TESTABILITY = YES;
				GCC_C_LANGUAGE_STANDARD = gnu11;
				GCC_DYNAMIC_NO_PIC = NO;
				GCC_NO_COMMON_BLOCKS = YES;
				GCC_OPTIMIZATION_LEVEL = 0;
				GCC_PREPROCESSOR_DEFINITIONS = (
					"DEBUG=1",
					"$(inherited)",
				);
				GCC_WARN_64_TO_32_BIT_CONVERSION = YES;
				GCC_WARN_ABOUT_RETURN_TYPE = YES_ERROR;
				GCC_WARN_UNDECLARED_SELECTOR = YES;
				GCC_WARN_UNINITIALIZED_AUTOS = YES_AGGRESSIVE;
				GCC_WARN_UNUSED_FUNCTION = YES;
				GCC_WARN_UNUSED_VARIABLE = YES;
				IPHONEOS_DEPLOYMENT_TARGET = 11.3;
				MTL_ENABLE_DEBUG_INFO = YES;
				ONLY_ACTIVE_ARCH = YES;
				SDKROOT = iphoneos;
				SWIFT_ACTIVE_COMPILATION_CONDITIONS = DEBUG;
				SWIFT_OPTIMIZATION_LEVEL = "-Onone";
			};
			name = Debug;
		};
		3F4B897F207FAC9700D6C2C8 /* Release */ = {
			isa = XCBuildConfiguration;
			buildSettings = {
				ALWAYS_SEARCH_USER_PATHS = NO;
				CLANG_ANALYZER_NONNULL = YES;
				CLANG_ANALYZER_NUMBER_OBJECT_CONVERSION = YES_AGGRESSIVE;
				CLANG_CXX_LANGUAGE_STANDARD = "gnu++14";
				CLANG_CXX_LIBRARY = "libc++";
				CLANG_ENABLE_MODULES = YES;
				CLANG_ENABLE_OBJC_ARC = YES;
				CLANG_ENABLE_OBJC_WEAK = YES;
				CLANG_WARN_BLOCK_CAPTURE_AUTORELEASING = YES;
				CLANG_WARN_BOOL_CONVERSION = YES;
				CLANG_WARN_COMMA = YES;
				CLANG_WARN_CONSTANT_CONVERSION = YES;
				CLANG_WARN_DEPRECATED_OBJC_IMPLEMENTATIONS = YES;
				CLANG_WARN_DIRECT_OBJC_ISA_USAGE = YES_ERROR;
				CLANG_WARN_DOCUMENTATION_COMMENTS = YES;
				CLANG_WARN_EMPTY_BODY = YES;
				CLANG_WARN_ENUM_CONVERSION = YES;
				CLANG_WARN_INFINITE_RECURSION = YES;
				CLANG_WARN_INT_CONVERSION = YES;
				CLANG_WARN_NON_LITERAL_NULL_CONVERSION = YES;
				CLANG_WARN_OBJC_IMPLICIT_RETAIN_SELF = YES;
				CLANG_WARN_OBJC_LITERAL_CONVERSION = YES;
				CLANG_WARN_OBJC_ROOT_CLASS = YES_ERROR;
				CLANG_WARN_RANGE_LOOP_ANALYSIS = YES;
				CLANG_WARN_STRICT_PROTOTYPES = YES;
				CLANG_WARN_SUSPICIOUS_MOVE = YES;
				CLANG_WARN_UNGUARDED_AVAILABILITY = YES_AGGRESSIVE;
				CLANG_WARN_UNREACHABLE_CODE = YES;
				CLANG_WARN__DUPLICATE_METHOD_MATCH = YES;
				CODE_SIGN_IDENTITY = "iPhone Developer";
				COPY_PHASE_STRIP = NO;
				DEBUG_INFORMATION_FORMAT = "dwarf-with-dsym";
				ENABLE_NS_ASSERTIONS = NO;
				ENABLE_STRICT_OBJC_MSGSEND = YES;
				GCC_C_LANGUAGE_STANDARD = gnu11;
				GCC_NO_COMMON_BLOCKS = YES;
				GCC_WARN_64_TO_32_BIT_CONVERSION = YES;
				GCC_WARN_ABOUT_RETURN_TYPE = YES_ERROR;
				GCC_WARN_UNDECLARED_SELECTOR = YES;
				GCC_WARN_UNINITIALIZED_AUTOS = YES_AGGRESSIVE;
				GCC_WARN_UNUSED_FUNCTION = YES;
				GCC_WARN_UNUSED_VARIABLE = YES;
				IPHONEOS_DEPLOYMENT_TARGET = 11.3;
				MTL_ENABLE_DEBUG_INFO = NO;
				SDKROOT = iphoneos;
				SWIFT_COMPILATION_MODE = wholemodule;
				SWIFT_OPTIMIZATION_LEVEL = "-O";
				VALIDATE_PRODUCT = YES;
			};
			name = Release;
		};
		3F4B8981207FAC9700D6C2C8 /* Debug */ = {
			isa = XCBuildConfiguration;
			baseConfigurationReference = 096D44369E707F3BBE241A13 /* Pods-TestAsyncDataPicker.debug.xcconfig */;
			buildSettings = {
				ASSETCATALOG_COMPILER_APPICON_NAME = AppIcon;
				CODE_SIGN_STYLE = Automatic;
				INFOPLIST_FILE = TestAsyncDataPicker/Info.plist;
				LD_RUNPATH_SEARCH_PATHS = "$(inherited) @executable_path/Frameworks";
				PRODUCT_BUNDLE_IDENTIFIER = com.mjgu.app.TestAsyncDataPicker;
				PRODUCT_NAME = "$(TARGET_NAME)";
				SWIFT_VERSION = 4.0;
				TARGETED_DEVICE_FAMILY = "1,2";
			};
			name = Debug;
		};
		3F4B8982207FAC9700D6C2C8 /* Release */ = {
			isa = XCBuildConfiguration;
			baseConfigurationReference = 84C1E9CFBE2028CB400BB8B7 /* Pods-TestAsyncDataPicker.release.xcconfig */;
			buildSettings = {
				ASSETCATALOG_COMPILER_APPICON_NAME = AppIcon;
				CODE_SIGN_STYLE = Automatic;
				INFOPLIST_FILE = TestAsyncDataPicker/Info.plist;
				LD_RUNPATH_SEARCH_PATHS = "$(inherited) @executable_path/Frameworks";
				PRODUCT_BUNDLE_IDENTIFIER = com.mjgu.app.TestAsyncDataPicker;
				PRODUCT_NAME = "$(TARGET_NAME)";
				SWIFT_VERSION = 4.0;
				TARGETED_DEVICE_FAMILY = "1,2";
			};
			name = Release;
		};
/* End XCBuildConfiguration section */

/* Begin XCConfigurationList section */
		3F4B8969207FAC9600D6C2C8 /* Build configuration list for PBXProject "TestAsyncDataPicker" */ = {
			isa = XCConfigurationList;
			buildConfigurations = (
				3F4B897E207FAC9700D6C2C8 /* Debug */,
				3F4B897F207FAC9700D6C2C8 /* Release */,
			);
			defaultConfigurationIsVisible = 0;
			defaultConfigurationName = Release;
		};
		3F4B8980207FAC9700D6C2C8 /* Build configuration list for PBXNativeTarget "TestAsyncDataPicker" */ = {
			isa = XCConfigurationList;
			buildConfigurations = (
				3F4B8981207FAC9700D6C2C8 /* Debug */,
				3F4B8982207FAC9700D6C2C8 /* Release */,
			);
			defaultConfigurationIsVisible = 0;
			defaultConfigurationName = Release;
		};
/* End XCConfigurationList section */
	};
	rootObject = 3F4B8966207FAC9600D6C2C8 /* Project object */;
}
